
Microsoft Visual Studio Solution File, Format Version 12.00
# Visual Studio Version 17
VisualStudioVersion = 17.1.32210.238
MinimumVisualStudioVersion = 10.0.40219.1
Project("{2150E333-8FDC-42A3-9474-1A3956D46DE8}") = "src", "src", "{69C8954D-AE01-42F6-A4B0-850389CA2BC8}"
EndProject
Project("{9A19103F-16F7-4668-BE54-9A1E7A4F7556}") = "BookStore.API", "src\BookStore.API\BookStore.API.csproj", "{CC9B5691-86CF-4021-AF0B-A5AC8130D2A7}"
EndProject
Project("{9A19103F-16F7-4668-BE54-9A1E7A4F7556}") = "BookStore.Domain", "src\BookStore.Domain\BookStore.Domain.csproj", "{B6633155-F8E1-496D-BE64-5906FBA52720}"
EndProject
Project("{9A19103F-16F7-4668-BE54-9A1E7A4F7556}") = "BookStore.Infrastructure", "src\BookStore.Infrastructure\BookStore.Infrastructure.csproj", "{58F2C0A7-99C0-4EF7-9AFD-85604324E6F3}"
EndProject
Global
	GlobalSection(SolutionConfigurationPlatforms) = preSolution
		Debug|Any CPU = Debug|Any CPU
		Release|Any CPU = Release|Any CPU
	EndGlobalSection
	GlobalSection(ProjectConfigurationPlatforms) = postSolution
		{CC9B5691-86CF-4021-AF0B-A5AC8130D2A7}.Debug|Any CPU.ActiveCfg = Debug|Any CPU
		{CC9B5691-86CF-4021-AF0B-A5AC8130D2A7}.Debug|Any CPU.Build.0 = Debug|Any CPU
		{CC9B5691-86CF-4021-AF0B-A5AC8130D2A7}.Release|Any CPU.ActiveCfg = Release|Any CPU
		{CC9B5691-86CF-4021-AF0B-A5AC8130D2A7}.Release|Any CPU.Build.0 = Release|Any CPU
		{B6633155-F8E1-496D-BE64-5906FBA52720}.Debug|Any CPU.ActiveCfg = Debug|Any CPU
		{B6633155-F8E1-496D-BE64-5906FBA52720}.Debug|Any CPU.Build.0 = Debug|Any CPU
		{B6633155-F8E1-496D-BE64-5906FBA52720}.Release|Any CPU.ActiveCfg = Release|Any CPU
		{B6633155-F8E1-496D-BE64-5906FBA52720}.Release|Any CPU.Build.0 = Release|Any CPU
		{58F2C0A7-99C0-4EF7-9AFD-85604324E6F3}.Debug|Any CPU.ActiveCfg = Debug|Any CPU
		{58F2C0A7-99C0-4EF7-9AFD-85604324E6F3}.Debug|Any CPU.Build.0 = Debug|Any CPU
		{58F2C0A7-99C0-4EF7-9AFD-85604324E6F3}.Release|Any CPU.ActiveCfg = Release|Any CPU
		{58F2C0A7-99C0-4EF7-9AFD-85604324E6F3}.Release|Any CPU.Build.0 = Release|Any CPU
	EndGlobalSection
	GlobalSection(SolutionProperties) = preSolution
		HideSolutionNode = FALSE
	EndGlobalSection
	GlobalSection(NestedProjects) = preSolution
		{CC9B5691-86CF-4021-AF0B-A5AC8130D2A7} = {69C8954D-AE01-42F6-A4B0-850389CA2BC8}
		{B6633155-F8E1-496D-BE64-5906FBA52720} = {69C8954D-AE01-42F6-A4B0-850389CA2BC8}
		{58F2C0A7-99C0-4EF7-9AFD-85604324E6F3} = {69C8954D-AE01-42F6-A4B0-850389CA2BC8}
	EndGlobalSection
	GlobalSection(ExtensibilityGlobals) = postSolution
		SolutionGuid = {528F3244-EB67-47CC-8D73-DA7ACF704071}
	EndGlobalSection
EndGlobal
